PODS:
  - AFNetworking (3.1.0):
    - AFNetworking/NSURLSession (= 3.1.0)
    - AFNetworking/Reachability (= 3.1.0)
    - AFNetworking/Security (= 3.1.0)
    - AFNetworking/Serialization (= 3.1.0)
    - AFNetworking/UIKit (= 3.1.0)
  - AFNetworking/NSURLSession (3.1.0):
    - AFNetworking/Reachability
    - AFNetworking/Security
    - AFNetworking/Serialization
  - AFNetworking/Reachability (3.1.0)
  - AFNetworking/Security (3.1.0)
  - AFNetworking/Serialization (3.1.0)
  - AFNetworking/UIKit (3.1.0):
    - AFNetworking/NSURLSession
  - MJRefresh (3.1.12)
  - SDAutoLayout (2.1.7)
  - SDWebImage (3.7.6):
    - SDWebImage/Core (= 3.7.6)
  - SDWebImage/Core (3.7.6)
  - SVProgressHUD (2.0.4)
  - YYModel (1.0.4)

DEPENDENCIES:
  - AFNetworking (~> 3.1.0)
  - MJRefresh (~> 3.1.0)
  - SDAutoLayout (~> 2.1.7)
  - SDWebImage (~> 3.7.6)
  - SVProgressHUD (~> 2.0.4)
  - YYModel (~> 1.0.4)

SPEC CHECKSUMS:
  AFNetworking: 5e0e199f73d8626b11e79750991f5d173d1f8b67
  MJRefresh: b96cdb21c4aa75a7b07654311ab2f315c497e806
  SDAutoLayout: e9b36d04b8c0b504762a04d76fbbe5108944297a
  SDWebImage: c325cf02c30337336b95beff20a13df489ec0ec9
  SVProgressHUD: bfde85ed6c573ea802b9cb37894ed9b629034f1b
  YYModel: 2a7fdd96aaa4b86a824e26d0c517de8928c04b30

PODFILE CHECKSUM: ce894c0deba525e6c384c10052cf753e8c63e704

COCOAPODS: 1.1.1
